// !$*UTF8*$!
{
	archiveVersion = 1;
	classes = {
	};
	objectVersion = 48;
	objects = {

/* Begin PBXBuildFile section */
		D3AAFA491F21A6B20084D56E /* AppDelegate.swift in Sources */ = {isa = PBXBuildFile; fileRef = D3AAFA481F21A6B20084D56E /* AppDelegate.swift */; };
		D3AAFA4B1F21A6B20084D56E /* ViewController.swift in Sources */ = {isa = PBXBuildFile; fileRef = D3AAFA4A1F21A6B20084D56E /* ViewController.swift */; };
		D3AAFA4E1F21A6B20084D56E /* Main.storyboard in Resources */ = {isa = PBXBuildFile; fileRef = D3AAFA4C1F21A6B20084D56E /* Main.storyboard */; };
		D3AAFA511F21A6B20084D56E /* DoIt7.xcdatamodeld in Sources */ = {isa = PBXBuildFile; fileRef = D3AAFA4F1F21A6B20084D56E /* DoIt7.xcdatamodeld */; };
		D3AAFA531F21A6B20084D56E /* Assets.xcassets in Resources */ = {isa = PBXBuildFile; fileRef = D3AAFA521F21A6B20084D56E /* Assets.xcassets */; };
		D3AAFA561F21A6B20084D56E /* LaunchScreen.storyboard in Resources */ = {isa = PBXBuildFile; fileRef = D3AAFA541F21A6B20084D56E /* LaunchScreen.storyboard */; };
/* End PBXBuildFile section */

/* Begin PBXFileReference section */
		D3AAFA451F21A6B20084D56E /* DoIt7.app */ = {isa = PBXFileReference; explicitFileType = wrapper.application; includeInIndex = 0; path = DoIt7.app; sourceTree = BUILT_PRODUCTS_DIR; };
		D3AAFA481F21A6B20084D56E /* AppDelegate.swift */ = {isa = PBXFileReference; lastKnownFileType = sourcecode.swift; path = AppDelegate.swift; sourceTree = "<group>"; };
		D3AAFA4A1F21A6B20084D56E /* ViewController.swift */ = {isa = PBXFileReference; lastKnownFileType = sourcecode.swift; path = ViewController.swift; sourceTree = "<group>"; };
		D3AAFA4D1F21A6B20084D56E /* Base */ = {isa = PBXFileReference; lastKnownFileType = file.storyboard; name = Base; path = Base.lproj/Main.storyboard; sourceTree = "<group>"; };
		D3AAFA501F21A6B20084D56E /* DoIt7.xcdatamodel */ = {isa = PBXFileReference; lastKnownFileType = wrapper.xcdatamodel; path = DoIt7.xcdatamodel; sourceTree = "<group>"; };
		D3AAFA521F21A6B20084D56E /* Assets.xcassets */ = {isa = PBXFileReference; lastKnownFileType = folder.assetcatalog; path = Assets.xcassets; sourceTree = "<group>"; };
		D3AAFA551F21A6B20084D56E /* Base */ = {isa = PBXFileReference; lastKnownFileType = file.storyboard; name = Base; path = Base.lproj/LaunchScreen.storyboard; sourceTree = "<group>"; };
		D3AAFA571F21A6B20084D56E /* Info.plist */ = {isa = PBXFileReference; lastKnownFileType = text.plist.xml; path = Info.plist; sourceTree = "<group>"; };
/* End PBXFileReference section */

/* Begin PBXFrameworksBuildPhase section */
		D3AAFA421F21A6B20084D56E /* Frameworks */ = {
			isa = PBXFrameworksBuildPhase;
			buildActionMask = 2147483647;
			files = (
			);
			runOnlyForDeploymentPostprocessing = 0;
		};
/* End PBXFrameworksBuildPhase section */

/* Begin PBXGroup section */
		D3AAFA3C1F21A6B20084D56E = {
			isa = PBXGroup;
			children = (
				D3AAFA471F21A6B20084D56E /* DoIt7 */,
				D3AAFA461F21A6B20084D56E /* Products */,
			);
			sourceTree = "<group>";
		};
		D3AAFA461F21A6B20084D56E /* Products */ = {
			isa = PBXGroup;
			children = (
				D3AAFA451F21A6B20084D56E /* DoIt7.app */,
			);
			name = Products;
			sourceTree = "<group>";
		};
		D3AAFA471F21A6B20084D56E /* DoIt7 */ = {
			isa = PBXGroup;
			children = (
				D3AAFA481F21A6B20084D56E /* AppDelegate.swift */,
				D3AAFA4A1F21A6B20084D56E /* ViewController.swift */,
				D3AAFA4C1F21A6B20084D56E /* Main.storyboard */,
				D3AAFA521F21A6B20084D56E /* Assets.xcassets */,
				D3AAFA541F21A6B20084D56E /* LaunchScreen.storyboard */,
				D3AAFA571F21A6B20084D56E /* Info.plist */,
				D3AAFA4F1F21A6B20084D56E /* DoIt7.xcdatamodeld */,
			);
			path = DoIt7;
			sourceTree = "<group>";
		};
/* End PBXGroup section */

/* Begin PBXNativeTarget section */
		D3AAFA441F21A6B20084D56E /* DoIt7 */ = {
			isa = PBXNativeTarget;
			buildConfigurationList = D3AAFA5A1F21A6B20084D56E /* Build configuration list for PBXNativeTarget "DoIt7" */;
			buildPhases = (
				D3AAFA411F21A6B20084D56E /* Sources */,
				D3AAFA421F21A6B20084D56E /* Frameworks */,
				D3AAFA431F21A6B20084D56E /* Resources */,
			);
			buildRules = (
			);
			dependencies = (
			);
			name = DoIt7;
			productName = DoIt7;
			productReference = D3AAFA451F21A6B20084D56E /* DoIt7.app */;
			productType = "com.apple.product-type.application";
		};
/* End PBXNativeTarget section */

/* Begin PBXProject section */
		D3AAFA3D1F21A6B20084D56E /* Project object */ = {
			isa = PBXProject;
			attributes = {
				LastSwiftUpdateCheck = 0900;
				LastUpgradeCheck = 0900;
				ORGANIZATIONNAME = Tony;
				TargetAttributes = {
					D3AAFA441F21A6B20084D56E = {
						CreatedOnToolsVersion = 9.0;
					};
				};
			};
			buildConfigurationList = D3AAFA401F21A6B20084D56E /* Build configuration list for PBXProject "DoIt7" */;
			compatibilityVersion = "Xcode 8.0";
			developmentRegion = en;
			hasScannedForEncodings = 0;
			knownRegions = (
				en,
				Base,
			);
			mainGroup = D3AAFA3C1F21A6B20084D56E;
			productRefGroup = D3AAFA461F21A6B20084D56E /* Products */;
			projectDirPath = "";
			projectRoot = "";
			targets = (
				D3AAFA441F21A6B20084D56E /* DoIt7 */,
			);
		};
/* End PBXProject section */

/* Begin PBXResourcesBuildPhase section */
		D3AAFA431F21A6B20084D56E /* Resources */ = {
			isa = PBXResourcesBuildPhase;
			buildActionMask = 2147483647;
			files = (
				D3AAFA561F21A6B20084D56E /* LaunchScreen.storyboard in Resources */,
				D3AAFA531F21A6B20084D56E /* Assets.xcassets in Resources */,
				D3AAFA4E1F21A6B20084D56E /* Main.storyboard in Resources */,
			);
			runOnlyForDeploymentPostprocessing = 0;
		};
/* End PBXResourcesBuildPhase section */

/* Begin PBXSourcesBuildPhase section */
		D3AAFA411F21A6B20084D56E /* Sources */ = {
			isa = PBXSourcesBuildPhase;
			buildActionMask = 2147483647;
			files = (
				D3AAFA4B1F21A6B20084D56E /* ViewController.swift in Sources */,
				D3AAFA491F21A6B20084D56E /* AppDelegate.swift in Sources */,
				D3AAFA511F21A6B20084D56E /* DoIt7.xcdatamodeld in Sources */,
			);
			runOnlyForDeploymentPostprocessing = 0;
		};
/* End PBXSourcesBuildPhase section */

/* Begin PBXVariantGroup section */
		D3AAFA4C1F21A6B20084D56E /* Main.storyboard */ = {
			isa = PBXVariantGroup;
			children = (
				D3AAFA4D1F21A6B20084D56E /* Base */,
			);
			name = Main.storyboard;
			sourceTree = "<group>";
		};
		D3AAFA541F21A6B20084D56E /* LaunchScreen.storyboard */ = {
			isa = PBXVariantGroup;
			children = (
				D3AAFA551F21A6B20084D56E /* Base */,
			);
			name = LaunchScreen.storyboard;
			sourceTree = "<group>";
		};
/* End PBXVariantGroup section */

/* Begin XCBuildConfiguration section */
		D3AAFA581F21A6B20084D56E /* Debug */ = {
			isa = XCBuildConfiguration;
			buildSettings = {
				ALWAYS_SEARCH_USER_PATHS = NO;
				CLANG_ANALYZER_NONNULL = YES;
				CLANG_ANALYZER_NUMBER_OBJECT_CONVERSION = YES_AGGRESSIVE;
				CLANG_CXX_LANGUAGE_STANDARD = "gnu++14";
				CLANG_CXX_LIBRARY = "libc++";
				CLANG_ENABLE_MODULES = YES;
				CLANG_ENABLE_OBJC_ARC = YES;
				CLANG_WARN_BLOCK_CAPTURE_AUTORELEASING = YES;
				CLANG_WARN_BOOL_CONVERSION = YES;
				CLANG_WARN_COMMA = YES;
				CLANG_WARN_CONSTANT_CONVERSION = YES;
				CLANG_WARN_DIRECT_OBJC_ISA_USAGE = YES_ERROR;
				CLANG_WARN_DOCUMENTATION_COMMENTS = YES;
				CLANG_WARN_EMPTY_BODY = YES;
				CLANG_WARN_ENUM_CONVERSION = YES;
				CLANG_WARN_INFINITE_RECURSION = YES;
				CLANG_WARN_INT_CONVERSION = YES;
				CLANG_WARN_OBJC_ROOT_CLASS = YES_ERROR;
				CLANG_WARN_RANGE_LOOP_ANALYSIS = YES;
				CLANG_WARN_STRICT_PROTOTYPES = YES;
				CLANG_WARN_SUSPICIOUS_MOVE = YES;
				CLANG_WARN_UNGUARDED_AVAILABILITY = YES_AGGRESSIVE;
				CLANG_WARN_UNREACHABLE_CODE = YES;
				CLANG_WARN__DUPLICATE_METHOD_MATCH = YES;
				CODE_SIGN_IDENTITY = "iPhone Developer";
				COPY_PHASE_STRIP = NO;
				DEBUG_INFORMATION_FORMAT = dwarf;
				ENABLE_STRICT_OBJC_MSGSEND = YES;
				ENABLE_TESTABILITY = YES;
				GCC_C_LANGUAGE_STANDARD = gnu11;
				GCC_DYNAMIC_NO_PIC = NO;
				GCC_NO_COMMON_BLOCKS = YES;
				GCC_OPTIMIZATION_LEVEL = 0;
				GCC_PREPROCESSOR_DEFINITIONS = (
					"DEBUG=1",
					"$(inherited)",
				);
				GCC_WARN_64_TO_32_BIT_CONVERSION = YES;
				GCC_WARN_ABOUT_RETURN_TYPE = YES_ERROR;
				GCC_WARN_UNDECLARED_SELECTOR = YES;
				GCC_WARN_UNINITIALIZED_AUTOS = YES_AGGRESSIVE;
				GCC_WARN_UNUSED_FUNCTION = YES;
				GCC_WARN_UNUSED_VARIABLE = YES;
				IPHONEOS_DEPLOYMENT_TARGET = 11.0;
				MTL_ENABLE_DEBUG_INFO = YES;
				ONLY_ACTIVE_ARCH = YES;
				SDKROOT = iphoneos;
				SWIFT_ACTIVE_COMPILATION_CONDITIONS = DEBUG;
				SWIFT_OPTIMIZATION_LEVEL = "-Onone";
			};
			name = Debug;
		};
		D3AAFA591F21A6B20084D56E /* Release */ = {
			isa = XCBuildConfiguration;
			buildSettings = {
				ALWAYS_SEARCH_USER_PATHS = NO;
				CLANG_ANALYZER_NONNULL = YES;
				CLANG_ANALYZER_NUMBER_OBJECT_CONVERSION = YES_AGGRESSIVE;
				CLANG_CXX_LANGUAGE_STANDARD = "gnu++14";
				CLANG_CXX_LIBRARY = "libc++";
				CLANG_ENABLE_MODULES = YES;
				CLANG_ENABLE_OBJC_ARC = YES;
				CLANG_WARN_BLOCK_CAPTURE_AUTORELEASING = YES;
				CLANG_WARN_BOOL_CONVERSION = YES;
				CLANG_WARN_COMMA = YES;
				CLANG_WARN_CONSTANT_CONVERSION = YES;
				CLANG_WARN_DIRECT_OBJC_ISA_USAGE = YES_ERROR;
				CLANG_WARN_DOCUMENTATION_COMMENTS = YES;
				CLANG_WARN_EMPTY_BODY = YES;
				CLANG_WARN_ENUM_CONVERSION = YES;
				CLANG_WARN_INFINITE_RECURSION = YES;
				CLANG_WARN_INT_CONVERSION = YES;
				CLANG_WARN_OBJC_ROOT_CLASS = YES_ERROR;
				CLANG_WARN_RANGE_LOOP_ANALYSIS = YES;
				CLANG_WARN_STRICT_PROTOTYPES = YES;
				CLANG_WARN_SUSPICIOUS_MOVE = YES;
				CLANG_WARN_UNGUARDED_AVAILABILITY = YES_AGGRESSIVE;
				CLANG_WARN_UNREACHABLE_CODE = YES;
				CLANG_WARN__DUPLICATE_METHOD_MATCH = YES;
				CODE_SIGN_IDENTITY = "iPhone Developer";
				COPY_PHASE_STRIP = NO;
				DEBUG_INFORMATION_FORMAT = "dwarf-with-dsym";
				ENABLE_NS_ASSERTIONS = NO;
				ENABLE_STRICT_OBJC_MSGSEND = YES;
				GCC_C_LANGUAGE_STANDARD = gnu11;
				GCC_NO_COMMON_BLOCKS = YES;
				GCC_WARN_64_TO_32_BIT_CONVERSION = YES;
				GCC_WARN_ABOUT_RETURN_TYPE = YES_ERROR;
				GCC_WARN_UNDECLARED_SELECTOR = YES;
				GCC_WARN_UNINITIALIZED_AUTOS = YES_AGGRESSIVE;
				GCC_WARN_UNUSED_FUNCTION = YES;
				GCC_WARN_UNUSED_VARIABLE = YES;
				IPHONEOS_DEPLOYMENT_TARGET = 11.0;
				MTL_ENABLE_DEBUG_INFO = NO;
				SDKROOT = iphoneos;
				SWIFT_OPTIMIZATION_LEVEL = "-Owholemodule";
				VALIDATE_PRODUCT = YES;
			};
			name = Release;
		};
		D3AAFA5B1F21A6B20084D56E /* Debug */ = {
			isa = XCBuildConfiguration;
			buildSettings = {
				ASSETCATALOG_COMPILER_APPICON_NAME = AppIcon;
				INFOPLIST_FILE = DoIt7/Info.plist;
				LD_RUNPATH_SEARCH_PATHS = "$(inherited) @executable_path/Frameworks";
				PRODUCT_BUNDLE_IDENTIFIER = duh.DoIt7;
				PRODUCT_NAME = "$(TARGET_NAME)";
				SWIFT_VERSION = 4.0;
				TARGETED_DEVICE_FAMILY = "1,2";
			};
			name = Debug;
		};
		D3AAFA5C1F21A6B20084D56E /* Release */ = {
			isa = XCBuildConfiguration;
			buildSettings = {
				ASSETCATALOG_COMPILER_APPICON_NAME = AppIcon;
				INFOPLIST_FILE = DoIt7/Info.plist;
				LD_RUNPATH_SEARCH_PATHS = "$(inherited) @executable_path/Frameworks";
				PRODUCT_BUNDLE_IDENTIFIER = duh.DoIt7;
				PRODUCT_NAME = "$(TARGET_NAME)";
				SWIFT_VERSION = 4.0;
				TARGETED_DEVICE_FAMILY = "1,2";
			};
			name = Release;
		};
/* End XCBuildConfiguration section */

/* Begin XCConfigurationList section */
		D3AAFA401F21A6B20084D56E /* Build configuration list for PBXProject "DoIt7" */ = {
			isa = XCConfigurationList;
			buildConfigurations = (
				D3AAFA581F21A6B20084D56E /* Debug */,
				D3AAFA591F21A6B20084D56E /* Release */,
			);
			defaultConfigurationIsVisible = 0;
			defaultConfigurationName = Release;
		};
		D3AAFA5A1F21A6B20084D56E /* Build configuration list for PBXNativeTarget "DoIt7" */ = {
			isa = XCConfigurationList;
			buildConfigurations = (
				D3AAFA5B1F21A6B20084D56E /* Debug */,
				D3AAFA5C1F21A6B20084D56E /* Release */,
			);
			defaultConfigurationIsVisible = 0;
		};
/* End XCConfigurationList section */

/* Begin XCVersionGroup section */
		D3AAFA4F1F21A6B20084D56E /* DoIt7.xcdatamodeld */ = {
			isa = XCVersionGroup;
			children = (
				D3AAFA501F21A6B20084D56E /* DoIt7.xcdatamodel */,
			);
			currentVersion = D3AAFA501F21A6B20084D56E /* DoIt7.xcdatamodel */;
			path = DoIt7.xcdatamodeld;
			sourceTree = "<group>";
			versionGroupType = wrapper.xcdatamodel;
		};
/* End XCVersionGroup section */
	};
	rootObject = D3AAFA3D1F21A6B20084D56E /* Project object */;
}
